
Microsoft Visual Studio Solution File, Format Version 12.00
# Visual Studio Version 17
VisualStudioVersion = 17.8.34330.188
MinimumVisualStudioVersion = 10.0.40219.1
Project("{2150E333-8FDC-42A3-9474-1A3956D46DE8}") = "Services", "Services", "{DE4A33F8-26C5-47AF-91ED-963739DFF72F}"
EndProject
Project("{2150E333-8FDC-42A3-9474-1A3956D46DE8}") = "Catalog", "Catalog", "{09390BE4-9A16-4E7F-9062-EEC666E1FD5E}"
EndProject
Project("{9A19103F-16F7-4668-BE54-9A1E7A4F7556}") = "Catalog.Api", "Services\Catalog\Catalog.Api\Catalog.Api.csproj", "{A80DFFC4-2985-4033-8435-1414272F32DB}"
EndProject
Project("{2150E333-8FDC-42A3-9474-1A3956D46DE8}") = "BuildingBlocks", "BuildingBlocks", "{71A2BAF6-E890-4427-BA79-9696214CE6C5}"
EndProject
Project("{9A19103F-16F7-4668-BE54-9A1E7A4F7556}") = "BuildingBlocks", "BuildingBlocks\BuildingBlocks\BuildingBlocks.csproj", "{7B9C49D1-7251-44DF-99D7-BBD25BCC3ACD}"
EndProject
Project("{E53339B2-1760-4266-BCC7-CA923CBCF16C}") = "docker-compose", "docker-compose.dcproj", "{D9C233D4-35B7-43CD-99C6-5A47485CB130}"
EndProject
Project("{2150E333-8FDC-42A3-9474-1A3956D46DE8}") = "Basket", "Basket", "{4816827A-C300-4443-8D73-4B5344138B8B}"
EndProject
Project("{FAE04EC0-301F-11D3-BF4B-00C04F79EFBC}") = "Basket.API", "Services\Basket\Basket.API\Basket.API.csproj", "{93CE3CB9-A3D6-461B-9A65-B82515A8522F}"
EndProject
Global
	GlobalSection(SolutionConfigurationPlatforms) = preSolution
		Debug|Any CPU = Debug|Any CPU
		Release|Any CPU = Release|Any CPU
	EndGlobalSection
	GlobalSection(ProjectConfigurationPlatforms) = postSolution
		{A80DFFC4-2985-4033-8435-1414272F32DB}.Debug|Any CPU.ActiveCfg = Debug|Any CPU
		{A80DFFC4-2985-4033-8435-1414272F32DB}.Debug|Any CPU.Build.0 = Debug|Any CPU
		{A80DFFC4-2985-4033-8435-1414272F32DB}.Release|Any CPU.ActiveCfg = Release|Any CPU
		{A80DFFC4-2985-4033-8435-1414272F32DB}.Release|Any CPU.Build.0 = Release|Any CPU
		{7B9C49D1-7251-44DF-99D7-BBD25BCC3ACD}.Debug|Any CPU.ActiveCfg = Debug|Any CPU
		{7B9C49D1-7251-44DF-99D7-BBD25BCC3ACD}.Debug|Any CPU.Build.0 = Debug|Any CPU
		{7B9C49D1-7251-44DF-99D7-BBD25BCC3ACD}.Release|Any CPU.ActiveCfg = Release|Any CPU
		{7B9C49D1-7251-44DF-99D7-BBD25BCC3ACD}.Release|Any CPU.Build.0 = Release|Any CPU
		{D9C233D4-35B7-43CD-99C6-5A47485CB130}.Debug|Any CPU.ActiveCfg = Debug|Any CPU
		{D9C233D4-35B7-43CD-99C6-5A47485CB130}.Debug|Any CPU.Build.0 = Debug|Any CPU
		{D9C233D4-35B7-43CD-99C6-5A47485CB130}.Release|Any CPU.ActiveCfg = Release|Any CPU
		{D9C233D4-35B7-43CD-99C6-5A47485CB130}.Release|Any CPU.Build.0 = Release|Any CPU
		{93CE3CB9-A3D6-461B-9A65-B82515A8522F}.Debug|Any CPU.ActiveCfg = Debug|Any CPU
		{93CE3CB9-A3D6-461B-9A65-B82515A8522F}.Debug|Any CPU.Build.0 = Debug|Any CPU
		{93CE3CB9-A3D6-461B-9A65-B82515A8522F}.Release|Any CPU.ActiveCfg = Release|Any CPU
		{93CE3CB9-A3D6-461B-9A65-B82515A8522F}.Release|Any CPU.Build.0 = Release|Any CPU
	EndGlobalSection
	GlobalSection(SolutionProperties) = preSolution
		HideSolutionNode = FALSE
	EndGlobalSection
	GlobalSection(NestedProjects) = preSolution
		{09390BE4-9A16-4E7F-9062-EEC666E1FD5E} = {DE4A33F8-26C5-47AF-91ED-963739DFF72F}
		{A80DFFC4-2985-4033-8435-1414272F32DB} = {09390BE4-9A16-4E7F-9062-EEC666E1FD5E}
		{7B9C49D1-7251-44DF-99D7-BBD25BCC3ACD} = {71A2BAF6-E890-4427-BA79-9696214CE6C5}
		{4816827A-C300-4443-8D73-4B5344138B8B} = {DE4A33F8-26C5-47AF-91ED-963739DFF72F}
		{93CE3CB9-A3D6-461B-9A65-B82515A8522F} = {4816827A-C300-4443-8D73-4B5344138B8B}
	EndGlobalSection
	GlobalSection(ExtensibilityGlobals) = postSolution
		SolutionGuid = {F8C00FFA-3163-44D7-B7A8-2E26D00588CD}
	EndGlobalSection
EndGlobal
